
Microsoft Visual Studio Solution File, Format Version 12.00
# Visual Studio Version 17
VisualStudioVersion = 17.10.34928.147
MinimumVisualStudioVersion = 10.0.40219.1
Project("{FAE04EC0-301F-11D3-BF4B-00C04F79EFBC}") = "MongoDb_Api", "MongoDb_Api\MongoDb_Api.csproj", "{F9A89A69-FE48-4B42-82E4-ECBBF14E17D9}"
EndProject
Global
	GlobalSection(SolutionConfigurationPlatforms) = preSolution
		Debug|Any CPU = Debug|Any CPU
		Release|Any CPU = Release|Any CPU
	EndGlobalSection
	GlobalSection(ProjectConfigurationPlatforms) = postSolution
		{F9A89A69-FE48-4B42-82E4-ECBBF14E17D9}.Debug|Any CPU.ActiveCfg = Debug|Any CPU
		{F9A89A69-FE48-4B42-82E4-ECBBF14E17D9}.Debug|Any CPU.Build.0 = Debug|Any CPU
		{F9A89A69-FE48-4B42-82E4-ECBBF14E17D9}.Release|Any CPU.ActiveCfg = Release|Any CPU
		{F9A89A69-FE48-4B42-82E4-ECBBF14E17D9}.Release|Any CPU.Build.0 = Release|Any CPU
	EndGlobalSection
	GlobalSection(SolutionProperties) = preSolution
		HideSolutionNode = FALSE
	EndGlobalSection
	GlobalSection(ExtensibilityGlobals) = postSolution
		SolutionGuid = {9E6E9556-225D-4FE8-BA57-6718995C4A51}
	EndGlobalSection
EndGlobal
